
Microsoft Visual Studio Solution File, Format Version 12.00
# Visual Studio Version 17
VisualStudioVersion = 17.4.33205.214
MinimumVisualStudioVersion = 10.0.40219.1
Project("{2150E333-8FDC-42A3-9474-1A3956D46DE8}") = "Tests", "Tests", "{EE31D26A-954B-45E4-84EA-645E58A249B3}"
EndProject
Project("{9A19103F-16F7-4668-BE54-9A1E7A4F7556}") = "Inventory.Modules.ModuleName.Tests", "Inventory\Tests\Inventory.Modules.ModuleName.Tests\Inventory.Modules.ModuleName.Tests.csproj", "{8010AC18-8A23-4811-83C2-A089B5F749C1}"
EndProject
Project("{2150E333-8FDC-42A3-9474-1A3956D46DE8}") = "Modules", "Modules", "{54152245-7F06-4627-BC5C-5483FCB7E142}"
EndProject
Project("{9A19103F-16F7-4668-BE54-9A1E7A4F7556}") = "Inventory.Modules.ModuleName", "Inventory\Modules\Inventory.Modules.ModuleName\Inventory.Modules.ModuleName.csproj", "{C6FCEE5B-9451-464B-A827-F02B0057ACA8}"
EndProject
Project("{2150E333-8FDC-42A3-9474-1A3956D46DE8}") = "Services", "Services", "{13D51196-AAC7-4C81-8A77-0320FC8DE29C}"
EndProject
Project("{9A19103F-16F7-4668-BE54-9A1E7A4F7556}") = "Inventory.Services", "Inventory\Services\Inventory.Services\Inventory.Services.csproj", "{27825F82-22E5-4AAE-8EB0-1676886043FE}"
EndProject
Project("{9A19103F-16F7-4668-BE54-9A1E7A4F7556}") = "Inventory.Services.Interfaces", "Inventory\Services\Inventory.Services.Interfaces\Inventory.Services.Interfaces.csproj", "{B699EBAF-F595-4BBF-8D11-5129E3EF082A}"
EndProject
Project("{9A19103F-16F7-4668-BE54-9A1E7A4F7556}") = "Inventory", "Inventory\Inventory\Inventory.csproj", "{5356390E-B0F7-4C86-B3FB-7C24B2CA98FA}"
EndProject
Project("{9A19103F-16F7-4668-BE54-9A1E7A4F7556}") = "Inventory.Core", "Inventory\Inventory.Core\Inventory.Core.csproj", "{BFEE5BAE-8163-48B5-925A-B552BA38D800}"
EndProject
Project("{FAE04EC0-301F-11D3-BF4B-00C04F79EFBC}") = "Inventory.Modules.Regions", "Inventory.Modules.Regions\Inventory.Modules.Regions.csproj", "{F033C8BA-9EB4-4CF7-A054-9273A1355B05}"
EndProject
Global
	GlobalSection(SolutionConfigurationPlatforms) = preSolution
		Debug|Any CPU = Debug|Any CPU
		Release|Any CPU = Release|Any CPU
	EndGlobalSection
	GlobalSection(ProjectConfigurationPlatforms) = postSolution
		{8010AC18-8A23-4811-83C2-A089B5F749C1}.Debug|Any CPU.ActiveCfg = Debug|Any CPU
		{8010AC18-8A23-4811-83C2-A089B5F749C1}.Debug|Any CPU.Build.0 = Debug|Any CPU
		{8010AC18-8A23-4811-83C2-A089B5F749C1}.Release|Any CPU.ActiveCfg = Release|Any CPU
		{8010AC18-8A23-4811-83C2-A089B5F749C1}.Release|Any CPU.Build.0 = Release|Any CPU
		{C6FCEE5B-9451-464B-A827-F02B0057ACA8}.Debug|Any CPU.ActiveCfg = Debug|Any CPU
		{C6FCEE5B-9451-464B-A827-F02B0057ACA8}.Debug|Any CPU.Build.0 = Debug|Any CPU
		{C6FCEE5B-9451-464B-A827-F02B0057ACA8}.Release|Any CPU.ActiveCfg = Release|Any CPU
		{C6FCEE5B-9451-464B-A827-F02B0057ACA8}.Release|Any CPU.Build.0 = Release|Any CPU
		{27825F82-22E5-4AAE-8EB0-1676886043FE}.Debug|Any CPU.ActiveCfg = Debug|Any CPU
		{27825F82-22E5-4AAE-8EB0-1676886043FE}.Debug|Any CPU.Build.0 = Debug|Any CPU
		{27825F82-22E5-4AAE-8EB0-1676886043FE}.Release|Any CPU.ActiveCfg = Release|Any CPU
		{27825F82-22E5-4AAE-8EB0-1676886043FE}.Release|Any CPU.Build.0 = Release|Any CPU
		{B699EBAF-F595-4BBF-8D11-5129E3EF082A}.Debug|Any CPU.ActiveCfg = Debug|Any CPU
		{B699EBAF-F595-4BBF-8D11-5129E3EF082A}.Debug|Any CPU.Build.0 = Debug|Any CPU
		{B699EBAF-F595-4BBF-8D11-5129E3EF082A}.Release|Any CPU.ActiveCfg = Release|Any CPU
		{B699EBAF-F595-4BBF-8D11-5129E3EF082A}.Release|Any CPU.Build.0 = Release|Any CPU
		{5356390E-B0F7-4C86-B3FB-7C24B2CA98FA}.Debug|Any CPU.ActiveCfg = Debug|Any CPU
		{5356390E-B0F7-4C86-B3FB-7C24B2CA98FA}.Debug|Any CPU.Build.0 = Debug|Any CPU
		{5356390E-B0F7-4C86-B3FB-7C24B2CA98FA}.Release|Any CPU.ActiveCfg = Release|Any CPU
		{5356390E-B0F7-4C86-B3FB-7C24B2CA98FA}.Release|Any CPU.Build.0 = Release|Any CPU
		{BFEE5BAE-8163-48B5-925A-B552BA38D800}.Debug|Any CPU.ActiveCfg = Debug|Any CPU
		{BFEE5BAE-8163-48B5-925A-B552BA38D800}.Debug|Any CPU.Build.0 = Debug|Any CPU
		{BFEE5BAE-8163-48B5-925A-B552BA38D800}.Release|Any CPU.ActiveCfg = Release|Any CPU
		{BFEE5BAE-8163-48B5-925A-B552BA38D800}.Release|Any CPU.Build.0 = Release|Any CPU
		{F033C8BA-9EB4-4CF7-A054-9273A1355B05}.Debug|Any CPU.ActiveCfg = Debug|Any CPU
		{F033C8BA-9EB4-4CF7-A054-9273A1355B05}.Debug|Any CPU.Build.0 = Debug|Any CPU
		{F033C8BA-9EB4-4CF7-A054-9273A1355B05}.Release|Any CPU.ActiveCfg = Release|Any CPU
		{F033C8BA-9EB4-4CF7-A054-9273A1355B05}.Release|Any CPU.Build.0 = Release|Any CPU
	EndGlobalSection
	GlobalSection(SolutionProperties) = preSolution
		HideSolutionNode = FALSE
	EndGlobalSection
	GlobalSection(NestedProjects) = preSolution
		{8010AC18-8A23-4811-83C2-A089B5F749C1} = {EE31D26A-954B-45E4-84EA-645E58A249B3}
		{C6FCEE5B-9451-464B-A827-F02B0057ACA8} = {54152245-7F06-4627-BC5C-5483FCB7E142}
		{27825F82-22E5-4AAE-8EB0-1676886043FE} = {13D51196-AAC7-4C81-8A77-0320FC8DE29C}
		{B699EBAF-F595-4BBF-8D11-5129E3EF082A} = {13D51196-AAC7-4C81-8A77-0320FC8DE29C}
		{F033C8BA-9EB4-4CF7-A054-9273A1355B05} = {54152245-7F06-4627-BC5C-5483FCB7E142}
	EndGlobalSection
	GlobalSection(ExtensibilityGlobals) = postSolution
		SolutionGuid = {40258CAE-068E-4997-B0A4-5989EBCB5D52}
	EndGlobalSection
EndGlobal
